{
  "version": 4,
  "terraform_version": "1.7.3",
  "serial": 14,
  "lineage": "53d46072-bad1-5cc6-7666-7ba870123e9a",
  "outputs": {},
  "resources": [
    {
      "mode": "managed",
      "type": "libvirt_domain",
      "name": "domain-fedora",
      "provider": "provider[\"registry.opentofu.org/dmacvicar/libvirt\"]",
      "instances": [
        {
          "status": "tainted",
          "schema_version": 0,
          "attributes": {
            "arch": "x86_64",
            "autostart": false,
            "boot_device": [],
            "cloudinit": null,
            "cmdline": null,
            "console": [
              {
                "source_host": "127.0.0.1",
                "source_path": "",
                "source_service": "0",
                "target_port": "0",
                "target_type": "serial",
                "type": "pty"
              },
              {
                "source_host": "127.0.0.1",
                "source_path": "",
                "source_service": "0",
                "target_port": "1",
                "target_type": "virtio",
                "type": "pty"
              }
            ],
            "coreos_ignition": null,
            "cpu": [
              {
                "mode": "custom"
              }
            ],
            "description": "",
            "disk": [
              {
                "block_device": "",
                "file": "",
                "scsi": false,
                "url": "",
                "volume_id": "/var/lib/libvirt/images/fedora_volume",
                "wwn": ""
              }
            ],
            "emulator": "/usr/bin/qemu-system-x86_64",
            "filesystem": [],
            "firmware": null,
            "fw_cfg_name": "opt/com.coreos/config",
            "graphics": [
              {
                "autoport": true,
                "listen_address": "127.0.0.1",
                "listen_type": "address",
                "type": "spice",
                "websocket": 0
              }
            ],
            "id": "fa319cea-f2c8-4ac6-8893-2ad0c8c0021f",
            "initrd": "",
            "kernel": "",
            "machine": "pc",
            "memory": 1024,
            "metadata": null,
            "name": "fedora_terraform",
            "network_interface": [],
            "nvram": null,
            "qemu_agent": false,
            "running": true,
            "timeouts": null,
            "tpm": [],
            "type": "kvm",
            "vcpu": 1,
            "video": [],
            "xml": []
          },
          "sensitive_attributes": [],
          "private": "eyJlMmJmYjczMC1lY2FhLTExZTYtOGY4OC0zNDM2M2JjN2M0YzAiOnsiY3JlYXRlIjozMDAwMDAwMDAwMDB9fQ==",
          "dependencies": [
            "libvirt_volume.fedora_volume"
          ]
        }
      ]
    },
    {
      "mode": "managed",
      "type": "libvirt_pool",
      "name": "fedora",
      "provider": "provider[\"registry.opentofu.org/dmacvicar/libvirt\"]",
      "instances": [
        {
          "schema_version": 0,
          "attributes": {
            "allocation": 130545668096,
            "available": 379860234240,
            "capacity": 510405902336,
            "id": "ab1c4241-99f4-4171-94a7-bd0f4467efcd",
            "name": "fedora",
            "path": "/opt/kvm/pool1",
            "type": "dir",
            "xml": []
          },
          "sensitive_attributes": [],
          "private": "bnVsbA=="
        }
      ]
    },
    {
      "mode": "managed",
      "type": "libvirt_volume",
      "name": "fedora_volume",
      "provider": "provider[\"registry.opentofu.org/dmacvicar/libvirt\"]",
      "instances": [
        {
          "schema_version": 0,
          "attributes": {
            "base_volume_id": null,
            "base_volume_name": null,
            "base_volume_pool": null,
            "format": "iso",
            "id": "/var/lib/libvirt/images/fedora_volume",
            "name": "fedora_volume",
            "pool": "default",
            "size": 2612854784,
            "source": "./iso/Fedora-Server-dvd-x86_64-40-1.14.iso",
            "xml": []
          },
          "sensitive_attributes": [],
          "private": "bnVsbA=="
        }
      ]
    }
  ],
  "check_results": null
}
